
Microsoft Visual Studio Solution File, Format Version 12.00
# Visual Studio Version 17
VisualStudioVersion = 17.3.32825.248
MinimumVisualStudioVersion = 10.0.40219.1
Project("{FAE04EC0-301F-11D3-BF4B-00C04F79EFBC}") = "Task_1", "ConsoleApp1\Task_1.csproj", "{66C51567-8EE0-483E-8F5D-70133D028E40}"
EndProject
Project("{FAE04EC0-301F-11D3-BF4B-00C04F79EFBC}") = "Task_2", "ConsoleApp2\Task_2.csproj", "{40453926-CD60-4EA7-9BE5-1075E7DA2405}"
EndProject
Global
	GlobalSection(SolutionConfigurationPlatforms) = preSolution
		Debug|Any CPU = Debug|Any CPU
		Release|Any CPU = Release|Any CPU
	EndGlobalSection
	GlobalSection(ProjectConfigurationPlatforms) = postSolution
		{66C51567-8EE0-483E-8F5D-70133D028E40}.Debug|Any CPU.ActiveCfg = Debug|Any CPU
		{66C51567-8EE0-483E-8F5D-70133D028E40}.Debug|Any CPU.Build.0 = Debug|Any CPU
		{66C51567-8EE0-483E-8F5D-70133D028E40}.Release|Any CPU.ActiveCfg = Release|Any CPU
		{66C51567-8EE0-483E-8F5D-70133D028E40}.Release|Any CPU.Build.0 = Release|Any CPU
		{40453926-CD60-4EA7-9BE5-1075E7DA2405}.Debug|Any CPU.ActiveCfg = Debug|Any CPU
		{40453926-CD60-4EA7-9BE5-1075E7DA2405}.Debug|Any CPU.Build.0 = Debug|Any CPU
		{40453926-CD60-4EA7-9BE5-1075E7DA2405}.Release|Any CPU.ActiveCfg = Release|Any CPU
		{40453926-CD60-4EA7-9BE5-1075E7DA2405}.Release|Any CPU.Build.0 = Release|Any CPU
	EndGlobalSection
	GlobalSection(SolutionProperties) = preSolution
		HideSolutionNode = FALSE
	EndGlobalSection
	GlobalSection(ExtensibilityGlobals) = postSolution
		SolutionGuid = {B6F81726-C5D2-4C6C-B033-62E65A3443CB}
	EndGlobalSection
EndGlobal
